{
  "name": "md-to-html",
  "version": "1.0.0",
  "lockfileVersion": 3,
  "requires": true,
  "packages": {
    "": {
      "name": "md-to-html",
      "version": "1.0.0",
      "license": "MIT",
      "dependencies": {
        "marked": "^4.2.12",
        "typescript": "^4.9.4"
      },
      "devDependencies": {
        "@types/marked": "^4.0.8",
        "@types/node": "^18.11.18"
      }
    },
    "node_modules/@types/marked": {
      "version": "4.0.8",
      "resolved": "https://registry.npmjs.org/@types/marked/-/marked-4.0.8.tgz",
      "integrity": "sha512-HVNzMT5QlWCOdeuBsgXP8EZzKUf0+AXzN+sLmjvaB3ZlLqO+e4u0uXrdw9ub69wBKFs+c6/pA4r9sy6cCDvImw==",
      "dev": true
    },
    "node_modules/@types/node": {
      "version": "18.11.18",
      "resolved": "https://registry.npmjs.org/@types/node/-/node-18.11.18.tgz",
      "integrity": "sha512-DHQpWGjyQKSHj3ebjFI/wRKcqQcdR+MoFBygntYOZytCqNfkd2ZC4ARDJ2DQqhjH5p85Nnd3jhUJIXrszFX/JA==",
      "dev": true
    },
    "node_modules/marked": {
      "version": "4.2.12",
      "resolved": "https://registry.npmjs.org/marked/-/marked-4.2.12.tgz",
      "integrity": "sha512-yr8hSKa3Fv4D3jdZmtMMPghgVt6TWbk86WQaWhDloQjRSQhMMYCAro7jP7VDJrjjdV8pxVxMssXS8B8Y5DZ5aw==",
      "bin": {
        "marked": "bin/marked.js"
      },
      "engines": {
        "node": ">= 12"
      }
    },
    "node_modules/typescript": {
      "version": "4.9.4",
      "resolved": "https://registry.npmjs.org/typescript/-/typescript-4.9.4.tgz",
      "integrity": "sha512-Uz+dTXYzxXXbsFpM86Wh3dKCxrQqUcVMxwU54orwlJjOpO3ao8L7j5lH+dWfTwgCwIuM9GQ2kvVotzYJMXTBZg==",
      "bin": {
        "tsc": "bin/tsc",
        "tsserver": "bin/tsserver"
      },
      "engines": {
        "node": ">=4.2.0"
      }
    }
  }
}
